{
  "nodes": {
    "lazyvim-starter": {
      "flake": false,
      "locked": {
        "lastModified": 1733936199,
        "narHash": "sha256-QrpnlDD4r1X4C8PqBhQ+S3ar5C+qDrU1Jm/lPqyMIFM=",
        "owner": "LazyVim",
        "repo": "starter",
        "rev": "803bc181d7c0d6d5eeba9274d9be49b287294d99",
        "type": "github"
      },
      "original": {
        "owner": "LazyVim",
        "repo": "starter",
        "type": "github"
      }
    },
    "nixpkgs": {
      "locked": {
        "lastModified": 1739020877,
        "narHash": "sha256-mIvECo/NNdJJ/bXjNqIh8yeoSjVLAuDuTUzAo7dzs8Y=",
        "owner": "NixOS",
        "repo": "nixpkgs",
        "rev": "a79cfe0ebd24952b580b1cf08cd906354996d547",
        "type": "github"
      },
      "original": {
        "owner": "NixOS",
        "ref": "nixos-unstable",
        "repo": "nixpkgs",
        "type": "github"
      }
    },
    "root": {
      "inputs": {
        "lazyvim-starter": "lazyvim-starter",
        "nixpkgs": "nixpkgs"
      }
    }
  },
  "root": "root",
  "version": 7
}
